PODS:
  - OHHTTPStubs (5.2.1):
    - OHHTTPStubs/Default (= 5.2.1)
  - OHHTTPStubs/Core (5.2.1)
  - OHHTTPStubs/Default (5.2.1):
    - OHHTTPStubs/Core
    - OHHTTPStubs/JSON
    - OHHTTPStubs/NSURLSession
    - OHHTTPStubs/OHPathHelpers
  - OHHTTPStubs/JSON (5.2.1):
    - OHHTTPStubs/Core
  - OHHTTPStubs/NSURLSession (5.2.1):
    - OHHTTPStubs/Core
  - OHHTTPStubs/OHPathHelpers (5.2.1)

DEPENDENCIES:
  - OHHTTPStubs

SPEC CHECKSUMS:
  OHHTTPStubs: 3a42f25c00563b71355ac73112ba2324e9e6cef4

PODFILE CHECKSUM: 748687379b1a303b38049d37ff9cb5705fb77894

COCOAPODS: 1.0.0
